
Microsoft Visual Studio Solution File, Format Version 12.00
# Visual Studio Version 17
VisualStudioVersion = 17.2.32616.157
MinimumVisualStudioVersion = 10.0.40219.1
Project("{9A19103F-16F7-4668-BE54-9A1E7A4F7556}") = "Lestaly", "src\Lestaly.csproj", "{F79D40A3-9352-43DB-8FCC-B85F86652E19}"
EndProject
Project("{2150E333-8FDC-42A3-9474-1A3956D46DE8}") = "ソリューション項目", "ソリューション項目", "{B88B8F42-9769-4EB9-85FF-5F7942C31060}"
	ProjectSection(SolutionItems) = preProject
		.editorconfig = .editorconfig
	EndProjectSection
EndProject
Project("{FAE04EC0-301F-11D3-BF4B-00C04F79EFBC}") = "LestalyTest", "tests\LestalyTest.csproj", "{0140E3A3-498B-4AF7-81D5-8FE035A47EE1}"
EndProject
Global
	GlobalSection(SolutionConfigurationPlatforms) = preSolution
		Debug|Any CPU = Debug|Any CPU
		Release|Any CPU = Release|Any CPU
	EndGlobalSection
	GlobalSection(ProjectConfigurationPlatforms) = postSolution
		{F79D40A3-9352-43DB-8FCC-B85F86652E19}.Debug|Any CPU.ActiveCfg = Debug|Any CPU
		{F79D40A3-9352-43DB-8FCC-B85F86652E19}.Debug|Any CPU.Build.0 = Debug|Any CPU
		{F79D40A3-9352-43DB-8FCC-B85F86652E19}.Release|Any CPU.ActiveCfg = Release|Any CPU
		{F79D40A3-9352-43DB-8FCC-B85F86652E19}.Release|Any CPU.Build.0 = Release|Any CPU
		{0140E3A3-498B-4AF7-81D5-8FE035A47EE1}.Debug|Any CPU.ActiveCfg = Debug|Any CPU
		{0140E3A3-498B-4AF7-81D5-8FE035A47EE1}.Debug|Any CPU.Build.0 = Debug|Any CPU
		{0140E3A3-498B-4AF7-81D5-8FE035A47EE1}.Release|Any CPU.ActiveCfg = Release|Any CPU
		{0140E3A3-498B-4AF7-81D5-8FE035A47EE1}.Release|Any CPU.Build.0 = Release|Any CPU
	EndGlobalSection
	GlobalSection(SolutionProperties) = preSolution
		HideSolutionNode = FALSE
	EndGlobalSection
	GlobalSection(ExtensibilityGlobals) = postSolution
		SolutionGuid = {2660BD94-EFE4-4299-8D25-4D65BC7A5A18}
	EndGlobalSection
EndGlobal
